{
  "sources": {
    "ktc-base": {
      "path": "."
    },
    "helpers": {
      "locked_version": "1.2.1",
      "git": "git://github.com/cloudware-cookbooks/helpers.git",
      "ref": "b98c5fd59c44707fb4ae86d005ebfb41c4d46f6c"
    },
    "users": {
      "locked_version": "1.1.6",
      "git": "git://github.com/cloudware-cookbooks/users.git",
      "ref": "8ec1a9c045577f7fc51f322a0a95fecc815e6e1a"
    },
    "ktc-vim": {
      "locked_version": "0.1.5",
      "git": "git://github.com/cloudware-cookbooks/ktc-vim.git",
      "ref": "d3c61663d50b1fb9eaf6eb1456ec41d08c1c5769"
    },
    "ktc-git": {
      "locked_version": "0.1.1",
      "git": "git://github.com/cloudware-cookbooks/ktc-git.git",
      "ref": "dc42f425445ac307e7f10f5e6a7fc040e16f470c"
    },
    "ktc-ssh": {
      "locked_version": "1.1.2",
      "git": "git://github.com/cloudware-cookbooks/ktc-ssh.git",
      "ref": "3975117a210dfaff55deaf0d0206f1e95ff6ab91"
    },
    "yum": {
      "locked_version": "2.3.1",
      "git": "git://github.com/spheromak/yum.git",
      "ref": "8c3b6099c45b7f522b96f1a417e9bb9fa3d65b5b"
    },
    "ktc-monitor": {
      "locked_version": "1.0.0",
      "git": "git@github.com:cloudware-cookbooks/ktc-monitor.git",
      "ref": "f60b286c251c581897f3e65b390ad4cb898b24f6"
    },
    "ktc-logging": {
      "locked_version": "1.0.0",
      "git": "git@github.com:cloudware-cookbooks/ktc-logging.git",
      "ref": "c458a2c81dacbb41d6a50bce3bc426b6c54a70a1"
    },
    "ktc-collectd": {
      "locked_version": "0.9.0",
      "git": "git://github.com/cloudware-cookbooks/ktc-collectd.git",
      "ref": "c84bea82f6ea78d6134e5747d1a9a4d214843fc6"
    },
    "ktc-sensu": {
      "locked_version": "0.2.0",
      "git": "git@github.com:cloudware-cookbooks/ktc-sensu.git",
      "ref": "60292965b99400cf1d72fec5a5ac47629a0e75a3"
    },
    "ktc-utils": {
      "locked_version": "0.3.3",
      "git": "git://github.com/cloudware-cookbooks/ktc-utils.git",
      "ref": "626e1e136bf811144453d5e482c0e6d59a7719e8"
    },
    "ktc-etcd": {
      "locked_version": "1.1.4",
      "git": "git://github.com/cloudware-cookbooks/ktc-etcd.git",
      "ref": "6daab4a5eee14842e818ba30cc6bc9c88d61fe32"
    },
    "ktc-rsyslog": {
      "locked_version": "0.1.0",
      "git": "git://github.com/cloudware-cookbooks/ktc-rsyslog.git",
      "ref": "9157a6faa2d6cbd035801534ad8feda6f950568d"
    },
    "chef-client": {
      "locked_version": "3.1.1",
      "git": "git://github.com/opscode-cookbooks/chef-client.git",
      "ref": "0a88b92ae2aabc3ef25251ce041324a43af8c216"
    },
    "omnibus_updater": {
      "locked_version": "0.2.4",
      "git": "git://github.com/hw-cookbooks/omnibus_updater.git",
      "ref": "7f09e88143215b1a61be7b6547cee77670fd7a96"
    },
    "timezone": {
      "locked_version": "0.0.3",
      "git": "git://github.com/secondmarket-cookbooks/timezone.git",
      "ref": "e5c6ed901d83e0f5d9375292976a30e4aa123e8a"
    },
    "collectd": {
      "locked_version": "1.0.8",
      "git": "git://github.com/miah/chef-collectd.git",
      "ref": "170125a9512a0d6f64a78cf716ab1294c5db6285"
    },
    "graphite": {
      "locked_version": "0.4.3",
      "git": "git://github.com/hw-cookbooks/graphite.git",
      "ref": "1ae8c63a8759910f9d2d23958d98cf4a7e70f98f"
    },
    "sensu": {
      "locked_version": "0.6.0",
      "git": "git://github.com/sensu/sensu-chef.git",
      "ref": "5a4d838c13c250fed47dab93505a5d2069728c68"
    },
    "redis": {
      "locked_version": "2.1.1",
      "git": "git://github.com/miah/chef-redis.git",
      "ref": "5b7e8585b23dcef0de3ec6cfbb31ad75fc912d8e"
    },
    "services": {
      "locked_version": "1.1.1",
      "git": "git://github.com/spheromak/services-cookbook.git",
      "ref": "29c849ee1842aae0989b5f5f58b9f75c71620ab0"
    },
    "openstack-common": {
      "locked_version": "0.4.3",
      "git": "git://github.com/stackforge/cookbook-openstack-common.git",
      "ref": "eb5eed7126b6a6efbaf803e8a594d610cf661e97"
    },
    "chef-solo-search": {
      "locked_version": "0.5.1",
      "git": "git://github.com/edelight/chef-solo-search.git",
      "ref": "681f78a108f5f8a3655551b32d9939603628c568"
    },
    "ubuntu": {
      "locked_version": "1.1.2"
    },
    "etcd": {
      "locked_version": "1.2.4"
    },
    "ohai": {
      "locked_version": "1.1.12"
    },
    "apt": {
      "locked_version": "2.1.2"
    },
    "cron": {
      "locked_version": "1.2.8"
    },
    "ntp": {
      "locked_version": "1.3.2"
    },
    "tmux": {
      "locked_version": "1.3.2"
    },
    "selinux": {
      "locked_version": "0.5.6"
    },
    "sudo": {
      "locked_version": "2.2.0"
    },
    "hostsfile": {
      "locked_version": "1.0.2"
    },
    "helpers-search": {
      "locked_version": "0.0.3"
    },
    "helpers-databags": {
      "locked_version": "1.0.0"
    },
    "ruby-helper": {
      "locked_version": "0.0.1"
    },
    "vim": {
      "locked_version": "1.0.2"
    },
    "git": {
      "locked_version": "2.7.0"
    },
    "dmg": {
      "locked_version": "2.0.2"
    },
    "build-essential": {
      "locked_version": "1.4.2"
    },
    "windows": {
      "locked_version": "1.10.0"
    },
    "chef_handler": {
      "locked_version": "1.1.4"
    },
    "runit": {
      "locked_version": "1.2.0"
    },
    "openssh": {
      "locked_version": "1.3.0"
    },
    "iptables": {
      "locked_version": "0.12.0"
    },
    "logstash": {
      "locked_version": "0.5.9"
    },
    "yumrepo": {
      "locked_version": "2.0.0"
    },
    "apache2": {
      "locked_version": "1.7.0"
    },
    "php": {
      "locked_version": "1.2.4"
    },
    "xml": {
      "locked_version": "1.1.2"
    },
    "mysql": {
      "locked_version": "3.0.10"
    },
    "openssl": {
      "locked_version": "1.1.0"
    },
    "rbenv": {
      "locked_version": "1.6.5"
    },
    "python": {
      "locked_version": "1.4.0"
    },
    "java": {
      "locked_version": "1.13.0"
    },
    "ant": {
      "locked_version": "1.0.2"
    },
    "ark": {
      "locked_version": "0.4.0"
    },
    "logrotate": {
      "locked_version": "1.4.0"
    },
    "rabbitmq": {
      "locked_version": "2.3.0"
    },
    "erlang": {
      "locked_version": "1.3.2"
    },
    "kibana": {
      "locked_version": "0.1.6"
    },
    "elasticsearch": {
      "locked_version": "0.3.4"
    },
    "monit": {
      "locked_version": "0.7.1"
    },
    "rsyslog": {
      "locked_version": "1.8.0"
    },
    "memcached": {
      "locked_version": "1.6.0"
    },
    "redisio": {
      "locked_version": "1.7.0"
    },
    "ulimit": {
      "locked_version": "0.3.1"
    },
    "stunnel": {
      "locked_version": "2.0.4"
    },
    "discovery": {
      "locked_version": "0.2.0"
    },
    "database": {
      "locked_version": "1.5.0"
    },
    "postgresql": {
      "locked_version": "3.0.4"
    },
    "aws": {
      "locked_version": "0.101.6"
    },
    "xfs": {
      "locked_version": "1.1.0"
    }
  }
}
